{
  "nodes": {
    "btc-clients": {
      "inputs": {
        "nixpkgs": "nixpkgs"
      },
      "locked": {
        "lastModified": 1788871704,
        "narHash": "sha256-Vtc2SqCB7NOO028+K5JHbpWQ3XVpLyoC75MZQ12l13o=",
        "owner": "emmanuelrosa",
        "repo": "btc-clients-nix",
        "rev": "e14502cba22806341f8c54c6f0c349094830c58b",
        "type": "github"
      },
      "original": {
        "owner": "emmanuelrosa",
        "repo": "btc-clients-nix",
        "type": "github"
      }
    },
    "home-manager": {
      "inputs": {
        "nixpkgs": [
          "nixpkgs"
        ]
      },
      "locked": {
        "lastModified": 1789144075,
        "narHash": "sha256-zD31BI5PqEdLRCSdtlwlbAOPCdmg6sFW+/fmGRSeG3I=",
        "owner": "nix-community",
        "repo": "home-manager",
        "rev": "61b08afca39cc9afe69a47cdd82fbb305899b106",
        "type": "github"
      },
      "original": {
        "owner": "nix-community",
        "repo": "home-manager",
        "type": "github"
      }
    },
    "nixpkgs": {
      "locked": {
        "lastModified": 1788179970,
        "narHash": "sha256-r5LmxzIhsu5+oDybatN/HJ8roYOKjb2Apa5xI6v46VU=",
        "owner": "NixOS",
        "repo": "nixpkgs",
        "rev": "1db62ab7d2ccf1916bbf7deb61fc9d16f1c4ab49",
        "type": "github"
      },
      "original": {
        "owner": "nixos",
        "repo": "nixpkgs",
        "type": "github"
      }
    },
    "nixpkgs_2": {
      "locked": {
        "lastModified": 1789006805,
        "narHash": "sha256-xB8mKMOx1IA9vTDNLmJZ6n4wCMq/cuWBBOzGCRnqxrU=",
        "owner": "nixos",
        "repo": "nixpkgs",
        "rev": "8ce4ef6cb6f871616146b9fe26d2a5ae594e94fe",
        "type": "github"
      },
      "original": {
        "owner": "nixos",
        "ref": "nixos-unstable",
        "repo": "nixpkgs",
        "type": "github"
      }
    },
    "root": {
      "inputs": {
        "btc-clients": "btc-clients",
        "home-manager": "home-manager",
        "nixpkgs": "nixpkgs_2"
      }
    }
  },
  "root": "root",
  "version": 7
}
