{
  "nodes": {
    "btc-clients": {
      "inputs": {
        "nixpkgs": "nixpkgs"
      },
      "locked": {
        "lastModified": 1781099636,
        "narHash": "sha256-LVIzF4pIeyiGPpo1fUkgTdpgu00IkI51vanlx8r/oE4=",
        "owner": "emmanuelrosa",
        "repo": "btc-clients-nix",
        "rev": "d5a37e36cb149e21756fc564d7b17f9842855096",
        "type": "github"
      },
      "original": {
        "owner": "emmanuelrosa",
        "repo": "btc-clients-nix",
        "type": "github"
      }
    },
    "home-manager": {
      "inputs": {
        "nixpkgs": [
          "nixpkgs"
        ]
      },
      "locked": {
        "lastModified": 1781305496,
        "narHash": "sha256-g8Vv4Qfc7n+lgov97REu3X6BeJtvYY0hlSUZR1GrGQQ=",
        "owner": "nix-community",
        "repo": "home-manager",
        "rev": "c87a39aa979acc4848016d2220c6238390d84779",
        "type": "github"
      },
      "original": {
        "owner": "nix-community",
        "repo": "home-manager",
        "type": "github"
      }
    },
    "nixpkgs": {
      "locked": {
        "lastModified": 1780218263,
        "narHash": "sha256-T/f0pPDrH3Qc1VXyQXbK7yfHWRn90l3xwplc/nsxin4=",
        "owner": "NixOS",
        "repo": "nixpkgs",
        "rev": "7fc393d1b46fa000d48ff14e8b6a3c9985f03af0",
        "type": "github"
      },
      "original": {
        "owner": "nixos",
        "repo": "nixpkgs",
        "type": "github"
      }
    },
    "nixpkgs_2": {
      "locked": {
        "lastModified": 1781074563,
        "narHash": "sha256-md8WlXOlfnIeHeOScMTTHFyf2d6iaTwPl2apR5EQ3P4=",
        "owner": "nixos",
        "repo": "nixpkgs",
        "rev": "9ae611a455b90cf061d8f332b977e387bda8e1ca",
        "type": "github"
      },
      "original": {
        "owner": "nixos",
        "ref": "nixos-unstable",
        "repo": "nixpkgs",
        "type": "github"
      }
    },
    "root": {
      "inputs": {
        "btc-clients": "btc-clients",
        "home-manager": "home-manager",
        "nixpkgs": "nixpkgs_2"
      }
    }
  },
  "root": "root",
  "version": 7
}
